
Microsoft Visual Studio Solution File, Format Version 12.00
# Visual Studio Version 17
VisualStudioVersion = 17.1.32414.318
MinimumVisualStudioVersion = 10.0.40219.1
Project("{9A19103F-16F7-4668-BE54-9A1E7A4F7556}") = "WebUI", "WebUI.csproj", "{FE43E1E1-34F8-44FD-8B27-542F8BA3995E}"
EndProject
Project("{9A19103F-16F7-4668-BE54-9A1E7A4F7556}") = "eAuditoria.test", "..\KeyWork.test\eAuditoria.test.csproj", "{199FFB7A-F6D9-49BA-862B-53E7CA37236C}"
EndProject
Project("{9A19103F-16F7-4668-BE54-9A1E7A4F7556}") = "Domain", "..\Domain\Domain.csproj", "{6FA38247-A0A0-4FD1-A822-E8585846E305}"
EndProject
Project("{FAE04EC0-301F-11D3-BF4B-00C04F79EFBC}") = "Infrastructure", "..\Infrastructure\Infrastructure.csproj", "{99DEE8F4-1B51-4920-BB72-B2C274999306}"
EndProject
Project("{FAE04EC0-301F-11D3-BF4B-00C04F79EFBC}") = "Application", "..\Application\Application.csproj", "{4ADD4576-56A1-4E93-9AEC-32494FAB4271}"
EndProject
Global
	GlobalSection(SolutionConfigurationPlatforms) = preSolution
		Debug|Any CPU = Debug|Any CPU
		Release|Any CPU = Release|Any CPU
	EndGlobalSection
	GlobalSection(ProjectConfigurationPlatforms) = postSolution
		{FE43E1E1-34F8-44FD-8B27-542F8BA3995E}.Debug|Any CPU.ActiveCfg = Debug|Any CPU
		{FE43E1E1-34F8-44FD-8B27-542F8BA3995E}.Debug|Any CPU.Build.0 = Debug|Any CPU
		{FE43E1E1-34F8-44FD-8B27-542F8BA3995E}.Release|Any CPU.ActiveCfg = Release|Any CPU
		{FE43E1E1-34F8-44FD-8B27-542F8BA3995E}.Release|Any CPU.Build.0 = Release|Any CPU
		{199FFB7A-F6D9-49BA-862B-53E7CA37236C}.Debug|Any CPU.ActiveCfg = Debug|Any CPU
		{199FFB7A-F6D9-49BA-862B-53E7CA37236C}.Debug|Any CPU.Build.0 = Debug|Any CPU
		{199FFB7A-F6D9-49BA-862B-53E7CA37236C}.Release|Any CPU.ActiveCfg = Release|Any CPU
		{199FFB7A-F6D9-49BA-862B-53E7CA37236C}.Release|Any CPU.Build.0 = Release|Any CPU
		{6FA38247-A0A0-4FD1-A822-E8585846E305}.Debug|Any CPU.ActiveCfg = Debug|Any CPU
		{6FA38247-A0A0-4FD1-A822-E8585846E305}.Debug|Any CPU.Build.0 = Debug|Any CPU
		{6FA38247-A0A0-4FD1-A822-E8585846E305}.Release|Any CPU.ActiveCfg = Release|Any CPU
		{6FA38247-A0A0-4FD1-A822-E8585846E305}.Release|Any CPU.Build.0 = Release|Any CPU
		{99DEE8F4-1B51-4920-BB72-B2C274999306}.Debug|Any CPU.ActiveCfg = Debug|Any CPU
		{99DEE8F4-1B51-4920-BB72-B2C274999306}.Debug|Any CPU.Build.0 = Debug|Any CPU
		{99DEE8F4-1B51-4920-BB72-B2C274999306}.Release|Any CPU.ActiveCfg = Release|Any CPU
		{99DEE8F4-1B51-4920-BB72-B2C274999306}.Release|Any CPU.Build.0 = Release|Any CPU
		{4ADD4576-56A1-4E93-9AEC-32494FAB4271}.Debug|Any CPU.ActiveCfg = Debug|Any CPU
		{4ADD4576-56A1-4E93-9AEC-32494FAB4271}.Debug|Any CPU.Build.0 = Debug|Any CPU
		{4ADD4576-56A1-4E93-9AEC-32494FAB4271}.Release|Any CPU.ActiveCfg = Release|Any CPU
		{4ADD4576-56A1-4E93-9AEC-32494FAB4271}.Release|Any CPU.Build.0 = Release|Any CPU
	EndGlobalSection
	GlobalSection(SolutionProperties) = preSolution
		HideSolutionNode = FALSE
	EndGlobalSection
	GlobalSection(ExtensibilityGlobals) = postSolution
		SolutionGuid = {17A5128E-6AE3-470C-8E94-BE1652B10341}
	EndGlobalSection
EndGlobal
